
Microsoft Visual Studio Solution File, Format Version 12.00
# Visual Studio Version 16
VisualStudioVersion = 16.0.29905.134
MinimumVisualStudioVersion = 10.0.40219.1
Project("{FAE04EC0-301F-11D3-BF4B-00C04F79EFBC}") = "TestGit", "TestGit\TestGit.csproj", "{F1CFBD63-B92D-474A-9394-60D329B58EF2}"
EndProject
Global
	GlobalSection(SolutionConfigurationPlatforms) = preSolution
		Debug|Any CPU = Debug|Any CPU
		Release|Any CPU = Release|Any CPU
	EndGlobalSection
	GlobalSection(ProjectConfigurationPlatforms) = postSolution
		{F1CFBD63-B92D-474A-9394-60D329B58EF2}.Debug|Any CPU.ActiveCfg = Debug|Any CPU
		{F1CFBD63-B92D-474A-9394-60D329B58EF2}.Debug|Any CPU.Build.0 = Debug|Any CPU
		{F1CFBD63-B92D-474A-9394-60D329B58EF2}.Release|Any CPU.ActiveCfg = Release|Any CPU
		{F1CFBD63-B92D-474A-9394-60D329B58EF2}.Release|Any CPU.Build.0 = Release|Any CPU
	EndGlobalSection
	GlobalSection(SolutionProperties) = preSolution
		HideSolutionNode = FALSE
	EndGlobalSection
	GlobalSection(ExtensibilityGlobals) = postSolution
		SolutionGuid = {7E3C7C1B-F0FB-4BE5-9607-F038B32A42B4}
	EndGlobalSection
EndGlobal
